// !$*UTF8*$!
{
	archiveVersion = 1;
	classes = {
	};
	objectVersion = 50;
	objects = {

/* Begin PBXBuildFile section */
		A99B578C255CD64B00A3794F /* AppDelegate.swift in Sources */ = {isa = PBXBuildFile; fileRef = A99B578B255CD64B00A3794F /* AppDelegate.swift */; };
		A99B578E255CD64B00A3794F /* SceneDelegate.swift in Sources */ = {isa = PBXBuildFile; fileRef = A99B578D255CD64B00A3794F /* SceneDelegate.swift */; };
		A99B5790255CD64B00A3794F /* ViewController.swift in Sources */ = {isa = PBXBuildFile; fileRef = A99B578F255CD64B00A3794F /* ViewController.swift */; };
		A99B5793255CD64B00A3794F /* Main.storyboard in Resources */ = {isa = PBXBuildFile; fileRef = A99B5791255CD64B00A3794F /* Main.storyboard */; };
		A99B5795255CD64F00A3794F /* Assets.xcassets in Resources */ = {isa = PBXBuildFile; fileRef = A99B5794255CD64F00A3794F /* Assets.xcassets */; };
		A99B5798255CD64F00A3794F /* LaunchScreen.storyboard in Resources */ = {isa = PBXBuildFile; fileRef = A99B5796255CD64F00A3794F /* LaunchScreen.storyboard */; };
		A99B57A2255CDABA00A3794F /* PropinsiTableViewCell.swift in Sources */ = {isa = PBXBuildFile; fileRef = A99B57A1255CDABA00A3794F /* PropinsiTableViewCell.swift */; };
/* End PBXBuildFile section */

/* Begin PBXFileReference section */
		A99B5788255CD64B00A3794F /* propinsi.app */ = {isa = PBXFileReference; explicitFileType = wrapper.application; includeInIndex = 0; path = propinsi.app; sourceTree = BUILT_PRODUCTS_DIR; };
		A99B578B255CD64B00A3794F /* AppDelegate.swift */ = {isa = PBXFileReference; lastKnownFileType = sourcecode.swift; path = AppDelegate.swift; sourceTree = "<group>"; };
		A99B578D255CD64B00A3794F /* SceneDelegate.swift */ = {isa = PBXFileReference; lastKnownFileType = sourcecode.swift; path = SceneDelegate.swift; sourceTree = "<group>"; };
		A99B578F255CD64B00A3794F /* ViewController.swift */ = {isa = PBXFileReference; lastKnownFileType = sourcecode.swift; path = ViewController.swift; sourceTree = "<group>"; };
		A99B5792255CD64B00A3794F /* Base */ = {isa = PBXFileReference; lastKnownFileType = file.storyboard; name = Base; path = Base.lproj/Main.storyboard; sourceTree = "<group>"; };
		A99B5794255CD64F00A3794F /* Assets.xcassets */ = {isa = PBXFileReference; lastKnownFileType = folder.assetcatalog; path = Assets.xcassets; sourceTree = "<group>"; };
		A99B5797255CD64F00A3794F /* Base */ = {isa = PBXFileReference; lastKnownFileType = file.storyboard; name = Base; path = Base.lproj/LaunchScreen.storyboard; sourceTree = "<group>"; };
		A99B5799255CD64F00A3794F /* Info.plist */ = {isa = PBXFileReference; lastKnownFileType = text.plist.xml; path = Info.plist; sourceTree = "<group>"; };
		A99B57A1255CDABA00A3794F /* PropinsiTableViewCell.swift */ = {isa = PBXFileReference; lastKnownFileType = sourcecode.swift; path = PropinsiTableViewCell.swift; sourceTree = "<group>"; };
/* End PBXFileReference section */

/* Begin PBXFrameworksBuildPhase section */
		A99B5785255CD64B00A3794F /* Frameworks */ = {
			isa = PBXFrameworksBuildPhase;
			buildActionMask = 2147483647;
			files = (
			);
			runOnlyForDeploymentPostprocessing = 0;
		};
/* End PBXFrameworksBuildPhase section */

/* Begin PBXGroup section */
		A99B577F255CD64B00A3794F = {
			isa = PBXGroup;
			children = (
				A99B578A255CD64B00A3794F /* propinsi */,
				A99B5789255CD64B00A3794F /* Products */,
			);
			sourceTree = "<group>";
		};
		A99B5789255CD64B00A3794F /* Products */ = {
			isa = PBXGroup;
			children = (
				A99B5788255CD64B00A3794F /* propinsi.app */,
			);
			name = Products;
			sourceTree = "<group>";
		};
		A99B578A255CD64B00A3794F /* propinsi */ = {
			isa = PBXGroup;
			children = (
				A99B578B255CD64B00A3794F /* AppDelegate.swift */,
				A99B578D255CD64B00A3794F /* SceneDelegate.swift */,
				A99B578F255CD64B00A3794F /* ViewController.swift */,
				A99B5791255CD64B00A3794F /* Main.storyboard */,
				A99B5794255CD64F00A3794F /* Assets.xcassets */,
				A99B5796255CD64F00A3794F /* LaunchScreen.storyboard */,
				A99B5799255CD64F00A3794F /* Info.plist */,
				A99B57A1255CDABA00A3794F /* PropinsiTableViewCell.swift */,
			);
			path = propinsi;
			sourceTree = "<group>";
		};
/* End PBXGroup section */

/* Begin PBXNativeTarget section */
		A99B5787255CD64B00A3794F /* propinsi */ = {
			isa = PBXNativeTarget;
			buildConfigurationList = A99B579C255CD64F00A3794F /* Build configuration list for PBXNativeTarget "propinsi" */;
			buildPhases = (
				A99B5784255CD64B00A3794F /* Sources */,
				A99B5785255CD64B00A3794F /* Frameworks */,
				A99B5786255CD64B00A3794F /* Resources */,
			);
			buildRules = (
			);
			dependencies = (
			);
			name = propinsi;
			productName = propinsi;
			productReference = A99B5788255CD64B00A3794F /* propinsi.app */;
			productType = "com.apple.product-type.application";
		};
/* End PBXNativeTarget section */

/* Begin PBXProject section */
		A99B5780255CD64B00A3794F /* Project object */ = {
			isa = PBXProject;
			attributes = {
				LastSwiftUpdateCheck = 1210;
				LastUpgradeCheck = 1210;
				TargetAttributes = {
					A99B5787255CD64B00A3794F = {
						CreatedOnToolsVersion = 12.1;
					};
				};
			};
			buildConfigurationList = A99B5783255CD64B00A3794F /* Build configuration list for PBXProject "propinsi" */;
			compatibilityVersion = "Xcode 9.3";
			developmentRegion = en;
			hasScannedForEncodings = 0;
			knownRegions = (
				en,
				Base,
			);
			mainGroup = A99B577F255CD64B00A3794F;
			productRefGroup = A99B5789255CD64B00A3794F /* Products */;
			projectDirPath = "";
			projectRoot = "";
			targets = (
				A99B5787255CD64B00A3794F /* propinsi */,
			);
		};
/* End PBXProject section */

/* Begin PBXResourcesBuildPhase section */
		A99B5786255CD64B00A3794F /* Resources */ = {
			isa = PBXResourcesBuildPhase;
			buildActionMask = 2147483647;
			files = (
				A99B5798255CD64F00A3794F /* LaunchScreen.storyboard in Resources */,
				A99B5795255CD64F00A3794F /* Assets.xcassets in Resources */,
				A99B5793255CD64B00A3794F /* Main.storyboard in Resources */,
			);
			runOnlyForDeploymentPostprocessing = 0;
		};
/* End PBXResourcesBuildPhase section */

/* Begin PBXSourcesBuildPhase section */
		A99B5784255CD64B00A3794F /* Sources */ = {
			isa = PBXSourcesBuildPhase;
			buildActionMask = 2147483647;
			files = (
				A99B5790255CD64B00A3794F /* ViewController.swift in Sources */,
				A99B57A2255CDABA00A3794F /* PropinsiTableViewCell.swift in Sources */,
				A99B578C255CD64B00A3794F /* AppDelegate.swift in Sources */,
				A99B578E255CD64B00A3794F /* SceneDelegate.swift in Sources */,
			);
			runOnlyForDeploymentPostprocessing = 0;
		};
/* End PBXSourcesBuildPhase section */

/* Begin PBXVariantGroup section */
		A99B5791255CD64B00A3794F /* Main.storyboard */ = {
			isa = PBXVariantGroup;
			children = (
				A99B5792255CD64B00A3794F /* Base */,
			);
			name = Main.storyboard;
			sourceTree = "<group>";
		};
		A99B5796255CD64F00A3794F /* LaunchScreen.storyboard */ = {
			isa = PBXVariantGroup;
			children = (
				A99B5797255CD64F00A3794F /* Base */,
			);
			name = LaunchScreen.storyboard;
			sourceTree = "<group>";
		};
/* End PBXVariantGroup section */

/* Begin XCBuildConfiguration section */
		A99B579A255CD64F00A3794F /* Debug */ = {
			isa = XCBuildConfiguration;
			buildSettings = {
				ALWAYS_SEARCH_USER_PATHS = NO;
				CLANG_ANALYZER_NONNULL = YES;
				CLANG_ANALYZER_NUMBER_OBJECT_CONVERSION = YES_AGGRESSIVE;
				CLANG_CXX_LANGUAGE_STANDARD = "gnu++14";
				CLANG_CXX_LIBRARY = "libc++";
				CLANG_ENABLE_MODULES = YES;
				CLANG_ENABLE_OBJC_ARC = YES;
				CLANG_ENABLE_OBJC_WEAK = YES;
				CLANG_WARN_BLOCK_CAPTURE_AUTORELEASING = YES;
				CLANG_WARN_BOOL_CONVERSION = YES;
				CLANG_WARN_COMMA = YES;
				CLANG_WARN_CONSTANT_CONVERSION = YES;
				CLANG_WARN_DEPRECATED_OBJC_IMPLEMENTATIONS = YES;
				CLANG_WARN_DIRECT_OBJC_ISA_USAGE = YES_ERROR;
				CLANG_WARN_DOCUMENTATION_COMMENTS = YES;
				CLANG_WARN_EMPTY_BODY = YES;
				CLANG_WARN_ENUM_CONVERSION = YES;
				CLANG_WARN_INFINITE_RECURSION = YES;
				CLANG_WARN_INT_CONVERSION = YES;
				CLANG_WARN_NON_LITERAL_NULL_CONVERSION = YES;
				CLANG_WARN_OBJC_IMPLICIT_RETAIN_SELF = YES;
				CLANG_WARN_OBJC_LITERAL_CONVERSION = YES;
				CLANG_WARN_OBJC_ROOT_CLASS = YES_ERROR;
				CLANG_WARN_QUOTED_INCLUDE_IN_FRAMEWORK_HEADER = YES;
				CLANG_WARN_RANGE_LOOP_ANALYSIS = YES;
				CLANG_WARN_STRICT_PROTOTYPES = YES;
				CLANG_WARN_SUSPICIOUS_MOVE = YES;
				CLANG_WARN_UNGUARDED_AVAILABILITY = YES_AGGRESSIVE;
				CLANG_WARN_UNREACHABLE_CODE = YES;
				CLANG_WARN__DUPLICATE_METHOD_MATCH = YES;
				COPY_PHASE_STRIP = NO;
				DEBUG_INFORMATION_FORMAT = dwarf;
				ENABLE_STRICT_OBJC_MSGSEND = YES;
				ENABLE_TESTABILITY = YES;
				GCC_C_LANGUAGE_STANDARD = gnu11;
				GCC_DYNAMIC_NO_PIC = NO;
				GCC_NO_COMMON_BLOCKS = YES;
				GCC_OPTIMIZATION_LEVEL = 0;
				GCC_PREPROCESSOR_DEFINITIONS = (
					"DEBUG=1",
					"$(inherited)",
				);
				GCC_WARN_64_TO_32_BIT_CONVERSION = YES;
				GCC_WARN_ABOUT_RETURN_TYPE = YES_ERROR;
				GCC_WARN_UNDECLARED_SELECTOR = YES;
				GCC_WARN_UNINITIALIZED_AUTOS = YES_AGGRESSIVE;
				GCC_WARN_UNUSED_FUNCTION = YES;
				GCC_WARN_UNUSED_VARIABLE = YES;
				IPHONEOS_DEPLOYMENT_TARGET = 14.1;
				MTL_ENABLE_DEBUG_INFO = INCLUDE_SOURCE;
				MTL_FAST_MATH = YES;
				ONLY_ACTIVE_ARCH = YES;
				SDKROOT = iphoneos;
				SWIFT_ACTIVE_COMPILATION_CONDITIONS = DEBUG;
				SWIFT_OPTIMIZATION_LEVEL = "-Onone";
			};
			name = Debug;
		};
		A99B579B255CD64F00A3794F /* Release */ = {
			isa = XCBuildConfiguration;
			buildSettings = {
				ALWAYS_SEARCH_USER_PATHS = NO;
				CLANG_ANALYZER_NONNULL = YES;
				CLANG_ANALYZER_NUMBER_OBJECT_CONVERSION = YES_AGGRESSIVE;
				CLANG_CXX_LANGUAGE_STANDARD = "gnu++14";
				CLANG_CXX_LIBRARY = "libc++";
				CLANG_ENABLE_MODULES = YES;
				CLANG_ENABLE_OBJC_ARC = YES;
				CLANG_ENABLE_OBJC_WEAK = YES;
				CLANG_WARN_BLOCK_CAPTURE_AUTORELEASING = YES;
				CLANG_WARN_BOOL_CONVERSION = YES;
				CLANG_WARN_COMMA = YES;
				CLANG_WARN_CONSTANT_CONVERSION = YES;
				CLANG_WARN_DEPRECATED_OBJC_IMPLEMENTATIONS = YES;
				CLANG_WARN_DIRECT_OBJC_ISA_USAGE = YES_ERROR;
				CLANG_WARN_DOCUMENTATION_COMMENTS = YES;
				CLANG_WARN_EMPTY_BODY = YES;
				CLANG_WARN_ENUM_CONVERSION = YES;
				CLANG_WARN_INFINITE_RECURSION = YES;
				CLANG_WARN_INT_CONVERSION = YES;
				CLANG_WARN_NON_LITERAL_NULL_CONVERSION = YES;
				CLANG_WARN_OBJC_IMPLICIT_RETAIN_SELF = YES;
				CLANG_WARN_OBJC_LITERAL_CONVERSION = YES;
				CLANG_WARN_OBJC_ROOT_CLASS = YES_ERROR;
				CLANG_WARN_QUOTED_INCLUDE_IN_FRAMEWORK_HEADER = YES;
				CLANG_WARN_RANGE_LOOP_ANALYSIS = YES;
				CLANG_WARN_STRICT_PROTOTYPES = YES;
				CLANG_WARN_SUSPICIOUS_MOVE = YES;
				CLANG_WARN_UNGUARDED_AVAILABILITY = YES_AGGRESSIVE;
				CLANG_WARN_UNREACHABLE_CODE = YES;
				CLANG_WARN__DUPLICATE_METHOD_MATCH = YES;
				COPY_PHASE_STRIP = NO;
				DEBUG_INFORMATION_FORMAT = "dwarf-with-dsym";
				ENABLE_NS_ASSERTIONS = NO;
				ENABLE_STRICT_OBJC_MSGSEND = YES;
				GCC_C_LANGUAGE_STANDARD = gnu11;
				GCC_NO_COMMON_BLOCKS = YES;
				GCC_WARN_64_TO_32_BIT_CONVERSION = YES;
				GCC_WARN_ABOUT_RETURN_TYPE = YES_ERROR;
				GCC_WARN_UNDECLARED_SELECTOR = YES;
				GCC_WARN_UNINITIALIZED_AUTOS = YES_AGGRESSIVE;
				GCC_WARN_UNUSED_FUNCTION = YES;
				GCC_WARN_UNUSED_VARIABLE = YES;
				IPHONEOS_DEPLOYMENT_TARGET = 14.1;
				MTL_ENABLE_DEBUG_INFO = NO;
				MTL_FAST_MATH = YES;
				SDKROOT = iphoneos;
				SWIFT_COMPILATION_MODE = wholemodule;
				SWIFT_OPTIMIZATION_LEVEL = "-O";
				VALIDATE_PRODUCT = YES;
			};
			name = Release;
		};
		A99B579D255CD64F00A3794F /* Debug */ = {
			isa = XCBuildConfiguration;
			buildSettings = {
				ASSETCATALOG_COMPILER_APPICON_NAME = AppIcon;
				ASSETCATALOG_COMPILER_GLOBAL_ACCENT_COLOR_NAME = AccentColor;
				CODE_SIGN_STYLE = Automatic;
				DEVELOPMENT_TEAM = VX65BR5A2G;
				INFOPLIST_FILE = propinsi/Info.plist;
				LD_RUNPATH_SEARCH_PATHS = (
					"$(inherited)",
					"@executable_path/Frameworks",
				);
				PRODUCT_BUNDLE_IDENTIFIER = com.faiz.propinsi;
				PRODUCT_NAME = "$(TARGET_NAME)";
				SWIFT_VERSION = 5.0;
				TARGETED_DEVICE_FAMILY = "1,2";
			};
			name = Debug;
		};
		A99B579E255CD64F00A3794F /* Release */ = {
			isa = XCBuildConfiguration;
			buildSettings = {
				ASSETCATALOG_COMPILER_APPICON_NAME = AppIcon;
				ASSETCATALOG_COMPILER_GLOBAL_ACCENT_COLOR_NAME = AccentColor;
				CODE_SIGN_STYLE = Automatic;
				DEVELOPMENT_TEAM = VX65BR5A2G;
				INFOPLIST_FILE = propinsi/Info.plist;
				LD_RUNPATH_SEARCH_PATHS = (
					"$(inherited)",
					"@executable_path/Frameworks",
				);
				PRODUCT_BUNDLE_IDENTIFIER = com.faiz.propinsi;
				PRODUCT_NAME = "$(TARGET_NAME)";
				SWIFT_VERSION = 5.0;
				TARGETED_DEVICE_FAMILY = "1,2";
			};
			name = Release;
		};
/* End XCBuildConfiguration section */

/* Begin XCConfigurationList section */
		A99B5783255CD64B00A3794F /* Build configuration list for PBXProject "propinsi" */ = {
			isa = XCConfigurationList;
			buildConfigurations = (
				A99B579A255CD64F00A3794F /* Debug */,
				A99B579B255CD64F00A3794F /* Release */,
			);
			defaultConfigurationIsVisible = 0;
			defaultConfigurationName = Release;
		};
		A99B579C255CD64F00A3794F /* Build configuration list for PBXNativeTarget "propinsi" */ = {
			isa = XCConfigurationList;
			buildConfigurations = (
				A99B579D255CD64F00A3794F /* Debug */,
				A99B579E255CD64F00A3794F /* Release */,
			);
			defaultConfigurationIsVisible = 0;
			defaultConfigurationName = Release;
		};
/* End XCConfigurationList section */
	};
	rootObject = A99B5780255CD64B00A3794F /* Project object */;
}
